
Microsoft Visual Studio Solution File, Format Version 12.00
# Visual Studio 2013
VisualStudioVersion = 12.0.21005.1
MinimumVisualStudioVersion = 10.0.40219.1
Project("{FAE04EC0-301F-11D3-BF4B-00C04F79EFBC}") = "WindowsFormsApplication10", "WindowsFormsApplication10\WindowsFormsApplication10.csproj", "{C5EF9B65-6301-4D36-98F9-2151F7E2D612}"
EndProject
Project("{FAE04EC0-301F-11D3-BF4B-00C04F79EFBC}") = "Data1", "Data1\Data1.csproj", "{F25CA0DD-249B-4CA5-B198-B84CC6580C02}"
EndProject
Project("{FAE04EC0-301F-11D3-BF4B-00C04F79EFBC}") = "Business1", "Business1\Business1.csproj", "{071DDEF9-5E4A-4354-9D96-86F5769C75A0}"
EndProject
Project("{FAE04EC0-301F-11D3-BF4B-00C04F79EFBC}") = "Entities2", "Entities2\Entities2.csproj", "{3830F9CA-A82D-412E-82E8-9FEC281AFF62}"
EndProject
Project("{FAE04EC0-301F-11D3-BF4B-00C04F79EFBC}") = "WebApplication1", "WebApplication1\WebApplication1.csproj", "{846E6514-AF48-4647-BB35-7F7203BD7A87}"
EndProject
Global
	GlobalSection(SolutionConfigurationPlatforms) = preSolution
		Debug|Any CPU = Debug|Any CPU
		Debug|Mixed Platforms = Debug|Mixed Platforms
		Debug|x86 = Debug|x86
		Release|Any CPU = Release|Any CPU
		Release|Mixed Platforms = Release|Mixed Platforms
		Release|x86 = Release|x86
	EndGlobalSection
	GlobalSection(ProjectConfigurationPlatforms) = postSolution
		{C5EF9B65-6301-4D36-98F9-2151F7E2D612}.Debug|Any CPU.ActiveCfg = Debug|x86
		{C5EF9B65-6301-4D36-98F9-2151F7E2D612}.Debug|Mixed Platforms.ActiveCfg = Debug|x86
		{C5EF9B65-6301-4D36-98F9-2151F7E2D612}.Debug|Mixed Platforms.Build.0 = Debug|x86
		{C5EF9B65-6301-4D36-98F9-2151F7E2D612}.Debug|x86.ActiveCfg = Debug|x86
		{C5EF9B65-6301-4D36-98F9-2151F7E2D612}.Debug|x86.Build.0 = Debug|x86
		{C5EF9B65-6301-4D36-98F9-2151F7E2D612}.Release|Any CPU.ActiveCfg = Release|x86
		{C5EF9B65-6301-4D36-98F9-2151F7E2D612}.Release|Mixed Platforms.ActiveCfg = Release|x86
		{C5EF9B65-6301-4D36-98F9-2151F7E2D612}.Release|Mixed Platforms.Build.0 = Release|x86
		{C5EF9B65-6301-4D36-98F9-2151F7E2D612}.Release|x86.ActiveCfg = Release|x86
		{C5EF9B65-6301-4D36-98F9-2151F7E2D612}.Release|x86.Build.0 = Release|x86
		{F25CA0DD-249B-4CA5-B198-B84CC6580C02}.Debug|Any CPU.ActiveCfg = Debug|Any CPU
		{F25CA0DD-249B-4CA5-B198-B84CC6580C02}.Debug|Any CPU.Build.0 = Debug|Any CPU
		{F25CA0DD-249B-4CA5-B198-B84CC6580C02}.Debug|Mixed Platforms.ActiveCfg = Debug|Any CPU
		{F25CA0DD-249B-4CA5-B198-B84CC6580C02}.Debug|Mixed Platforms.Build.0 = Debug|Any CPU
		{F25CA0DD-249B-4CA5-B198-B84CC6580C02}.Debug|x86.ActiveCfg = Debug|Any CPU
		{F25CA0DD-249B-4CA5-B198-B84CC6580C02}.Release|Any CPU.ActiveCfg = Release|Any CPU
		{F25CA0DD-249B-4CA5-B198-B84CC6580C02}.Release|Any CPU.Build.0 = Release|Any CPU
		{F25CA0DD-249B-4CA5-B198-B84CC6580C02}.Release|Mixed Platforms.ActiveCfg = Release|Any CPU
		{F25CA0DD-249B-4CA5-B198-B84CC6580C02}.Release|Mixed Platforms.Build.0 = Release|Any CPU
		{F25CA0DD-249B-4CA5-B198-B84CC6580C02}.Release|x86.ActiveCfg = Release|Any CPU
		{071DDEF9-5E4A-4354-9D96-86F5769C75A0}.Debug|Any CPU.ActiveCfg = Debug|Any CPU
		{071DDEF9-5E4A-4354-9D96-86F5769C75A0}.Debug|Any CPU.Build.0 = Debug|Any CPU
		{071DDEF9-5E4A-4354-9D96-86F5769C75A0}.Debug|Mixed Platforms.ActiveCfg = Debug|Any CPU
		{071DDEF9-5E4A-4354-9D96-86F5769C75A0}.Debug|Mixed Platforms.Build.0 = Debug|Any CPU
		{071DDEF9-5E4A-4354-9D96-86F5769C75A0}.Debug|x86.ActiveCfg = Debug|Any CPU
		{071DDEF9-5E4A-4354-9D96-86F5769C75A0}.Release|Any CPU.ActiveCfg = Release|Any CPU
		{071DDEF9-5E4A-4354-9D96-86F5769C75A0}.Release|Any CPU.Build.0 = Release|Any CPU
		{071DDEF9-5E4A-4354-9D96-86F5769C75A0}.Release|Mixed Platforms.ActiveCfg = Release|Any CPU
		{071DDEF9-5E4A-4354-9D96-86F5769C75A0}.Release|Mixed Platforms.Build.0 = Release|Any CPU
		{071DDEF9-5E4A-4354-9D96-86F5769C75A0}.Release|x86.ActiveCfg = Release|Any CPU
		{3830F9CA-A82D-412E-82E8-9FEC281AFF62}.Debug|Any CPU.ActiveCfg = Debug|Any CPU
		{3830F9CA-A82D-412E-82E8-9FEC281AFF62}.Debug|Any CPU.Build.0 = Debug|Any CPU
		{3830F9CA-A82D-412E-82E8-9FEC281AFF62}.Debug|Mixed Platforms.ActiveCfg = Debug|Any CPU
		{3830F9CA-A82D-412E-82E8-9FEC281AFF62}.Debug|Mixed Platforms.Build.0 = Debug|Any CPU
		{3830F9CA-A82D-412E-82E8-9FEC281AFF62}.Debug|x86.ActiveCfg = Debug|Any CPU
		{3830F9CA-A82D-412E-82E8-9FEC281AFF62}.Release|Any CPU.ActiveCfg = Release|Any CPU
		{3830F9CA-A82D-412E-82E8-9FEC281AFF62}.Release|Any CPU.Build.0 = Release|Any CPU
		{3830F9CA-A82D-412E-82E8-9FEC281AFF62}.Release|Mixed Platforms.ActiveCfg = Release|Any CPU
		{3830F9CA-A82D-412E-82E8-9FEC281AFF62}.Release|Mixed Platforms.Build.0 = Release|Any CPU
		{3830F9CA-A82D-412E-82E8-9FEC281AFF62}.Release|x86.ActiveCfg = Release|Any CPU
		{846E6514-AF48-4647-BB35-7F7203BD7A87}.Debug|Any CPU.ActiveCfg = Debug|Any CPU
		{846E6514-AF48-4647-BB35-7F7203BD7A87}.Debug|Any CPU.Build.0 = Debug|Any CPU
		{846E6514-AF48-4647-BB35-7F7203BD7A87}.Debug|Mixed Platforms.ActiveCfg = Debug|Any CPU
		{846E6514-AF48-4647-BB35-7F7203BD7A87}.Debug|Mixed Platforms.Build.0 = Debug|Any CPU
		{846E6514-AF48-4647-BB35-7F7203BD7A87}.Debug|x86.ActiveCfg = Debug|Any CPU
		{846E6514-AF48-4647-BB35-7F7203BD7A87}.Release|Any CPU.ActiveCfg = Release|Any CPU
		{846E6514-AF48-4647-BB35-7F7203BD7A87}.Release|Any CPU.Build.0 = Release|Any CPU
		{846E6514-AF48-4647-BB35-7F7203BD7A87}.Release|Mixed Platforms.ActiveCfg = Release|Any CPU
		{846E6514-AF48-4647-BB35-7F7203BD7A87}.Release|Mixed Platforms.Build.0 = Release|Any CPU
		{846E6514-AF48-4647-BB35-7F7203BD7A87}.Release|x86.ActiveCfg = Release|Any CPU
	EndGlobalSection
	GlobalSection(SolutionProperties) = preSolution
		HideSolutionNode = FALSE
	EndGlobalSection
EndGlobal
